
Microsoft Visual Studio Solution File, Format Version 12.00
# Visual Studio 15
VisualStudioVersion = 15.0.27130.2036
MinimumVisualStudioVersion = 15.0.26730.03
Project("{2150E333-8FDC-42A3-9474-1A3956D46DE8}") = "Solution Items", "Solution Items", "{0EF45656-B25D-40D8-959C-726EAF185E60}"
	ProjectSection(SolutionItems) = preProject
		.editorconfig = .editorconfig
		Directory.Build.props = Directory.Build.props
		Directory.Build.targets = Directory.Build.targets
		NuGet.Config = NuGet.Config
	EndProjectSection
EndProject
Project("{2150E333-8FDC-42A3-9474-1A3956D46DE8}") = "build", "build", "{7E80C58E-9CC8-450C-8A8D-94FC76428150}"
	ProjectSection(SolutionItems) = preProject
		build\applicationhost.config = build\applicationhost.config
		build\applicationhost.iis.config = build\applicationhost.iis.config
		build\dependencies.props = build\dependencies.props
		build\native.targets = build\native.targets
		build\repo.props = build\repo.props
		build\testsite.props = build\testsite.props
	EndProjectSection
EndProject
Project("{2150E333-8FDC-42A3-9474-1A3956D46DE8}") = "IISIntegration", "IISIntegration", "{CE9F2712-6F06-4228-A49B-A4358EE26BA1}"
EndProject
Project("{2150E333-8FDC-42A3-9474-1A3956D46DE8}") = "samples", "samples", "{936EAADA-AFF8-4731-9BE2-1DDE067576E8}"
EndProject
Project("{2150E333-8FDC-42A3-9474-1A3956D46DE8}") = "src", "src", "{B77622F7-5B97-44D6-A0DE-8F43E6E5C548}"
EndProject
Project("{2150E333-8FDC-42A3-9474-1A3956D46DE8}") = "test", "test", "{862909F8-0CB8-4C0A-A99F-7C061135B19C}"
EndProject
Project("{9A19103F-16F7-4668-BE54-9A1E7A4F7556}") = "Microsoft.AspNetCore.Server.IISIntegration", "IISIntegration\src\Microsoft.AspNetCore.Server.IISIntegration.csproj", "{1F8A978D-216E-4B25-8C6E-0AAE2D42292D}"
EndProject
Project("{9A19103F-16F7-4668-BE54-9A1E7A4F7556}") = "IISSample", "IISIntegration\samples\IISSample\IISSample.csproj", "{28EB47BC-3820-4563-9FD3-572F708C3AEF}"
EndProject
Project("{9A19103F-16F7-4668-BE54-9A1E7A4F7556}") = "IISIntegration.FunctionalTests", "IISIntegration\test\FunctionalTests\IISIntegration.FunctionalTests.csproj", "{F3551912-440A-41E0-8A64-565890063646}"
EndProject
Project("{9A19103F-16F7-4668-BE54-9A1E7A4F7556}") = "OutOfProcessWebSite", "IISIntegration\test\testassets\OutOfProcessWebSite\OutOfProcessWebSite.csproj", "{842A95C5-7C17-4CBF-9C0D-75809071EB4C}"
EndProject
Project("{9A19103F-16F7-4668-BE54-9A1E7A4F7556}") = "Microsoft.AspNetCore.Server.IISIntegration.Tests", "IISIntegration\test\Tests\Microsoft.AspNetCore.Server.IISIntegration.Tests.csproj", "{5D49B19C-D385-427D-9D16-101194EC6041}"
EndProject
Project("{2150E333-8FDC-42A3-9474-1A3956D46DE8}") = "AspNetCoreModuleV1", "AspNetCoreModuleV1", "{DF8E63C5-8EE9-446D-A506-9A6442998EB4}"
EndProject
Project("{8BC9CEB8-8B4A-11D0-8D11-00A0C91BC942}") = "AspNetCore", "AspNetCoreModuleV1\AspNetCore\AspNetCore.vcxproj", "{439824F9-1455-4CC4-BD79-B44FA0A16552}"
EndProject
Project("{8BC9CEB8-8B4A-11D0-8D11-00A0C91BC942}") = "IISLib", "AspNetCoreModuleV1\IISLib\IISLib.vcxproj", "{4787A64F-9A3E-4867-A55A-70CB4B2B2FFE}"
EndProject
Global
	GlobalSection(SolutionConfigurationPlatforms) = preSolution
		Debug|Any CPU = Debug|Any CPU
		Debug|x64 = Debug|x64
		Debug|x86 = Debug|x86
		Release|Any CPU = Release|Any CPU
		Release|x64 = Release|x64
		Release|x86 = Release|x86
	EndGlobalSection
	GlobalSection(ProjectConfigurationPlatforms) = postSolution
		{1F8A978D-216E-4B25-8C6E-0AAE2D42292D}.Debug|Any CPU.ActiveCfg = Debug|Any CPU
		{1F8A978D-216E-4B25-8C6E-0AAE2D42292D}.Debug|Any CPU.Build.0 = Debug|Any CPU
		{1F8A978D-216E-4B25-8C6E-0AAE2D42292D}.Debug|x64.ActiveCfg = Debug|Any CPU
		{1F8A978D-216E-4B25-8C6E-0AAE2D42292D}.Debug|x64.Build.0 = Debug|Any CPU
		{1F8A978D-216E-4B25-8C6E-0AAE2D42292D}.Debug|x86.ActiveCfg = Debug|Any CPU
		{1F8A978D-216E-4B25-8C6E-0AAE2D42292D}.Debug|x86.Build.0 = Debug|Any CPU
		{1F8A978D-216E-4B25-8C6E-0AAE2D42292D}.Release|Any CPU.ActiveCfg = Release|Any CPU
		{1F8A978D-216E-4B25-8C6E-0AAE2D42292D}.Release|Any CPU.Build.0 = Release|Any CPU
		{1F8A978D-216E-4B25-8C6E-0AAE2D42292D}.Release|x64.ActiveCfg = Release|Any CPU
		{1F8A978D-216E-4B25-8C6E-0AAE2D42292D}.Release|x64.Build.0 = Release|Any CPU
		{1F8A978D-216E-4B25-8C6E-0AAE2D42292D}.Release|x86.ActiveCfg = Release|Any CPU
		{1F8A978D-216E-4B25-8C6E-0AAE2D42292D}.Release|x86.Build.0 = Release|Any CPU
		{28EB47BC-3820-4563-9FD3-572F708C3AEF}.Debug|Any CPU.ActiveCfg = Debug|Any CPU
		{28EB47BC-3820-4563-9FD3-572F708C3AEF}.Debug|Any CPU.Build.0 = Debug|Any CPU
		{28EB47BC-3820-4563-9FD3-572F708C3AEF}.Debug|x64.ActiveCfg = Debug|Any CPU
		{28EB47BC-3820-4563-9FD3-572F708C3AEF}.Debug|x64.Build.0 = Debug|Any CPU
		{28EB47BC-3820-4563-9FD3-572F708C3AEF}.Debug|x86.ActiveCfg = Debug|Any CPU
		{28EB47BC-3820-4563-9FD3-572F708C3AEF}.Debug|x86.Build.0 = Debug|Any CPU
		{28EB47BC-3820-4563-9FD3-572F708C3AEF}.Release|Any CPU.ActiveCfg = Release|Any CPU
		{28EB47BC-3820-4563-9FD3-572F708C3AEF}.Release|Any CPU.Build.0 = Release|Any CPU
		{28EB47BC-3820-4563-9FD3-572F708C3AEF}.Release|x64.ActiveCfg = Release|Any CPU
		{28EB47BC-3820-4563-9FD3-572F708C3AEF}.Release|x64.Build.0 = Release|Any CPU
		{28EB47BC-3820-4563-9FD3-572F708C3AEF}.Release|x86.ActiveCfg = Release|Any CPU
		{28EB47BC-3820-4563-9FD3-572F708C3AEF}.Release|x86.Build.0 = Release|Any CPU
		{F3551912-440A-41E0-8A64-565890063646}.Debug|Any CPU.ActiveCfg = Debug|Any CPU
		{F3551912-440A-41E0-8A64-565890063646}.Debug|Any CPU.Build.0 = Debug|Any CPU
		{F3551912-440A-41E0-8A64-565890063646}.Debug|x64.ActiveCfg = Debug|Any CPU
		{F3551912-440A-41E0-8A64-565890063646}.Debug|x64.Build.0 = Debug|Any CPU
		{F3551912-440A-41E0-8A64-565890063646}.Debug|x86.ActiveCfg = Debug|Any CPU
		{F3551912-440A-41E0-8A64-565890063646}.Debug|x86.Build.0 = Debug|Any CPU
		{F3551912-440A-41E0-8A64-565890063646}.Release|Any CPU.ActiveCfg = Release|Any CPU
		{F3551912-440A-41E0-8A64-565890063646}.Release|Any CPU.Build.0 = Release|Any CPU
		{F3551912-440A-41E0-8A64-565890063646}.Release|x64.ActiveCfg = Release|Any CPU
		{F3551912-440A-41E0-8A64-565890063646}.Release|x64.Build.0 = Release|Any CPU
		{F3551912-440A-41E0-8A64-565890063646}.Release|x86.ActiveCfg = Release|Any CPU
		{F3551912-440A-41E0-8A64-565890063646}.Release|x86.Build.0 = Release|Any CPU
		{842A95C5-7C17-4CBF-9C0D-75809071EB4C}.Debug|Any CPU.ActiveCfg = Debug|x86
		{842A95C5-7C17-4CBF-9C0D-75809071EB4C}.Debug|x64.ActiveCfg = Debug|x64
		{842A95C5-7C17-4CBF-9C0D-75809071EB4C}.Debug|x64.Build.0 = Debug|x64
		{842A95C5-7C17-4CBF-9C0D-75809071EB4C}.Debug|x86.ActiveCfg = Debug|x86
		{842A95C5-7C17-4CBF-9C0D-75809071EB4C}.Debug|x86.Build.0 = Debug|x86
		{842A95C5-7C17-4CBF-9C0D-75809071EB4C}.Release|Any CPU.ActiveCfg = Release|x86
		{842A95C5-7C17-4CBF-9C0D-75809071EB4C}.Release|x64.ActiveCfg = Release|x64
		{842A95C5-7C17-4CBF-9C0D-75809071EB4C}.Release|x64.Build.0 = Release|x64
		{842A95C5-7C17-4CBF-9C0D-75809071EB4C}.Release|x86.ActiveCfg = Release|x86
		{842A95C5-7C17-4CBF-9C0D-75809071EB4C}.Release|x86.Build.0 = Release|x86
		{5D49B19C-D385-427D-9D16-101194EC6041}.Debug|Any CPU.ActiveCfg = Debug|Any CPU
		{5D49B19C-D385-427D-9D16-101194EC6041}.Debug|Any CPU.Build.0 = Debug|Any CPU
		{5D49B19C-D385-427D-9D16-101194EC6041}.Debug|x64.ActiveCfg = Debug|Any CPU
		{5D49B19C-D385-427D-9D16-101194EC6041}.Debug|x64.Build.0 = Debug|Any CPU
		{5D49B19C-D385-427D-9D16-101194EC6041}.Debug|x86.ActiveCfg = Debug|Any CPU
		{5D49B19C-D385-427D-9D16-101194EC6041}.Debug|x86.Build.0 = Debug|Any CPU
		{5D49B19C-D385-427D-9D16-101194EC6041}.Release|Any CPU.ActiveCfg = Release|Any CPU
		{5D49B19C-D385-427D-9D16-101194EC6041}.Release|Any CPU.Build.0 = Release|Any CPU
		{5D49B19C-D385-427D-9D16-101194EC6041}.Release|x64.ActiveCfg = Release|Any CPU
		{5D49B19C-D385-427D-9D16-101194EC6041}.Release|x64.Build.0 = Release|Any CPU
		{5D49B19C-D385-427D-9D16-101194EC6041}.Release|x86.ActiveCfg = Release|Any CPU
		{5D49B19C-D385-427D-9D16-101194EC6041}.Release|x86.Build.0 = Release|Any CPU
		{439824F9-1455-4CC4-BD79-B44FA0A16552}.Debug|Any CPU.ActiveCfg = Debug|Win32
		{439824F9-1455-4CC4-BD79-B44FA0A16552}.Debug|x64.ActiveCfg = Debug|x64
		{439824F9-1455-4CC4-BD79-B44FA0A16552}.Debug|x64.Build.0 = Debug|x64
		{439824F9-1455-4CC4-BD79-B44FA0A16552}.Debug|x86.ActiveCfg = Debug|Win32
		{439824F9-1455-4CC4-BD79-B44FA0A16552}.Debug|x86.Build.0 = Debug|Win32
		{439824F9-1455-4CC4-BD79-B44FA0A16552}.Release|Any CPU.ActiveCfg = Release|Win32
		{439824F9-1455-4CC4-BD79-B44FA0A16552}.Release|x64.ActiveCfg = Release|x64
		{439824F9-1455-4CC4-BD79-B44FA0A16552}.Release|x64.Build.0 = Release|x64
		{439824F9-1455-4CC4-BD79-B44FA0A16552}.Release|x86.ActiveCfg = Release|Win32
		{439824F9-1455-4CC4-BD79-B44FA0A16552}.Release|x86.Build.0 = Release|Win32
		{4787A64F-9A3E-4867-A55A-70CB4B2B2FFE}.Debug|Any CPU.ActiveCfg = Debug|Win32
		{4787A64F-9A3E-4867-A55A-70CB4B2B2FFE}.Debug|x64.ActiveCfg = Debug|x64
		{4787A64F-9A3E-4867-A55A-70CB4B2B2FFE}.Debug|x64.Build.0 = Debug|x64
		{4787A64F-9A3E-4867-A55A-70CB4B2B2FFE}.Debug|x86.ActiveCfg = Debug|Win32
		{4787A64F-9A3E-4867-A55A-70CB4B2B2FFE}.Debug|x86.Build.0 = Debug|Win32
		{4787A64F-9A3E-4867-A55A-70CB4B2B2FFE}.Release|Any CPU.ActiveCfg = Release|Win32
		{4787A64F-9A3E-4867-A55A-70CB4B2B2FFE}.Release|x64.ActiveCfg = Release|x64
		{4787A64F-9A3E-4867-A55A-70CB4B2B2FFE}.Release|x64.Build.0 = Release|x64
		{4787A64F-9A3E-4867-A55A-70CB4B2B2FFE}.Release|x86.ActiveCfg = Release|Win32
		{4787A64F-9A3E-4867-A55A-70CB4B2B2FFE}.Release|x86.Build.0 = Release|Win32
	EndGlobalSection
	GlobalSection(SolutionProperties) = preSolution
		HideSolutionNode = FALSE
	EndGlobalSection
	GlobalSection(NestedProjects) = preSolution
		{936EAADA-AFF8-4731-9BE2-1DDE067576E8} = {CE9F2712-6F06-4228-A49B-A4358EE26BA1}
		{B77622F7-5B97-44D6-A0DE-8F43E6E5C548} = {CE9F2712-6F06-4228-A49B-A4358EE26BA1}
		{862909F8-0CB8-4C0A-A99F-7C061135B19C} = {CE9F2712-6F06-4228-A49B-A4358EE26BA1}
		{1F8A978D-216E-4B25-8C6E-0AAE2D42292D} = {B77622F7-5B97-44D6-A0DE-8F43E6E5C548}
		{28EB47BC-3820-4563-9FD3-572F708C3AEF} = {936EAADA-AFF8-4731-9BE2-1DDE067576E8}
		{F3551912-440A-41E0-8A64-565890063646} = {862909F8-0CB8-4C0A-A99F-7C061135B19C}
		{842A95C5-7C17-4CBF-9C0D-75809071EB4C} = {862909F8-0CB8-4C0A-A99F-7C061135B19C}
		{5D49B19C-D385-427D-9D16-101194EC6041} = {862909F8-0CB8-4C0A-A99F-7C061135B19C}
		{439824F9-1455-4CC4-BD79-B44FA0A16552} = {DF8E63C5-8EE9-446D-A506-9A6442998EB4}
		{4787A64F-9A3E-4867-A55A-70CB4B2B2FFE} = {DF8E63C5-8EE9-446D-A506-9A6442998EB4}
	EndGlobalSection
	GlobalSection(ExtensibilityGlobals) = postSolution
		SolutionGuid = {DB4F868D-E1AE-4FD7-9333-69FA15B268C5}
	EndGlobalSection
EndGlobal
